
Microsoft Visual Studio Solution File, Format Version 12.00
# Visual Studio Version 17
VisualStudioVersion = 17.3.32825.248
MinimumVisualStudioVersion = 10.0.40219.1
Project("{FAE04EC0-301F-11D3-BF4B-00C04F79EFBC}") = "Aula 05", "Aula 05\Aula 05.csproj", "{DF578264-838D-46A3-BA35-D1F747693F42}"
EndProject
Global
	GlobalSection(SolutionConfigurationPlatforms) = preSolution
		Debug|Any CPU = Debug|Any CPU
		Release|Any CPU = Release|Any CPU
	EndGlobalSection
	GlobalSection(ProjectConfigurationPlatforms) = postSolution
		{DF578264-838D-46A3-BA35-D1F747693F42}.Debug|Any CPU.ActiveCfg = Debug|Any CPU
		{DF578264-838D-46A3-BA35-D1F747693F42}.Debug|Any CPU.Build.0 = Debug|Any CPU
		{DF578264-838D-46A3-BA35-D1F747693F42}.Release|Any CPU.ActiveCfg = Release|Any CPU
		{DF578264-838D-46A3-BA35-D1F747693F42}.Release|Any CPU.Build.0 = Release|Any CPU
	EndGlobalSection
	GlobalSection(SolutionProperties) = preSolution
		HideSolutionNode = FALSE
	EndGlobalSection
	GlobalSection(ExtensibilityGlobals) = postSolution
		SolutionGuid = {BDDEEE70-BF45-4876-BA91-6E5DC663DAC8}
	EndGlobalSection
EndGlobal
